
Microsoft Visual Studio Solution File, Format Version 12.00
# Visual Studio Version 17
VisualStudioVersion = 17.5.33530.505
MinimumVisualStudioVersion = 10.0.40219.1
Project("{FAE04EC0-301F-11D3-BF4B-00C04F79EFBC}") = "LataPrzestepne", "LataPrzestepne.csproj", "{F15A188C-E81C-40DC-AF5D-7AE02BA3F8E2}"
EndProject
Global
	GlobalSection(SolutionConfigurationPlatforms) = preSolution
		Debug|Any CPU = Debug|Any CPU
		Release|Any CPU = Release|Any CPU
	EndGlobalSection
	GlobalSection(ProjectConfigurationPlatforms) = postSolution
		{F15A188C-E81C-40DC-AF5D-7AE02BA3F8E2}.Debug|Any CPU.ActiveCfg = Debug|Any CPU
		{F15A188C-E81C-40DC-AF5D-7AE02BA3F8E2}.Debug|Any CPU.Build.0 = Debug|Any CPU
		{F15A188C-E81C-40DC-AF5D-7AE02BA3F8E2}.Release|Any CPU.ActiveCfg = Release|Any CPU
		{F15A188C-E81C-40DC-AF5D-7AE02BA3F8E2}.Release|Any CPU.Build.0 = Release|Any CPU
	EndGlobalSection
	GlobalSection(SolutionProperties) = preSolution
		HideSolutionNode = FALSE
	EndGlobalSection
	GlobalSection(ExtensibilityGlobals) = postSolution
		SolutionGuid = {0ABD5082-0E49-4398-AA38-927D7B4CC68F}
	EndGlobalSection
EndGlobal
